// !$*UTF8*$!
{
	archiveVersion = 1;
	classes = {
	};
	objectVersion = 46;
	objects = {

/* Begin PBXBuildFile section */
		2F217CFB1CE471AE00D01DAB /* main.m in Sources */ = {isa = PBXBuildFile; fileRef = 2F217CFA1CE471AE00D01DAB /* main.m */; };
		2F217CFE1CE471AE00D01DAB /* AppDelegate.m in Sources */ = {isa = PBXBuildFile; fileRef = 2F217CFD1CE471AE00D01DAB /* AppDelegate.m */; };
		2F217D011CE471AE00D01DAB /* ViewController.m in Sources */ = {isa = PBXBuildFile; fileRef = 2F217D001CE471AE00D01DAB /* ViewController.m */; };
		2F217D041CE471AE00D01DAB /* Main.storyboard in Resources */ = {isa = PBXBuildFile; fileRef = 2F217D021CE471AE00D01DAB /* Main.storyboard */; };
		2F217D061CE471AE00D01DAB /* Assets.xcassets in Resources */ = {isa = PBXBuildFile; fileRef = 2F217D051CE471AE00D01DAB /* Assets.xcassets */; };
		2F217D091CE471AE00D01DAB /* LaunchScreen.storyboard in Resources */ = {isa = PBXBuildFile; fileRef = 2F217D071CE471AE00D01DAB /* LaunchScreen.storyboard */; };
		2F217D141CE471AF00D01DAB /* Base64_MD5_RSA_sig_sigMd5Tests.m in Sources */ = {isa = PBXBuildFile; fileRef = 2F217D131CE471AF00D01DAB /* Base64_MD5_RSA_sig_sigMd5Tests.m */; };
		2F217D1F1CE471AF00D01DAB /* Base64_MD5_RSA_sig_sigMd5UITests.m in Sources */ = {isa = PBXBuildFile; fileRef = 2F217D1E1CE471AF00D01DAB /* Base64_MD5_RSA_sig_sigMd5UITests.m */; };
		2F217D311CE4825A00D01DAB /* Base64ViewController.m in Sources */ = {isa = PBXBuildFile; fileRef = 2F217D301CE4825A00D01DAB /* Base64ViewController.m */; };
		2F217D341CE4826800D01DAB /* MD5ViewController.m in Sources */ = {isa = PBXBuildFile; fileRef = 2F217D331CE4826800D01DAB /* MD5ViewController.m */; };
		2F217D371CE4827300D01DAB /* RSAViewController.m in Sources */ = {isa = PBXBuildFile; fileRef = 2F217D361CE4827300D01DAB /* RSAViewController.m */; };
		2F217D3E1CE4830800D01DAB /* GTMBase64.m in Sources */ = {isa = PBXBuildFile; fileRef = 2F217D3A1CE4830800D01DAB /* GTMBase64.m */; settings = {COMPILER_FLAGS = "-fno-objc-arc"; }; };
		2F217D3F1CE4830800D01DAB /* ZZBase64.m in Sources */ = {isa = PBXBuildFile; fileRef = 2F217D3D1CE4830800D01DAB /* ZZBase64.m */; };
		2F217D451CE56A4900D01DAB /* NSString+MD5.m in Sources */ = {isa = PBXBuildFile; fileRef = 2F217D441CE56A4900D01DAB /* NSString+MD5.m */; };
		2F217D991CE5764600D01DAB /* HBRSAHandler.m in Sources */ = {isa = PBXBuildFile; fileRef = 2F217D471CE5764600D01DAB /* HBRSAHandler.m */; };
		2F217D9A1CE5764600D01DAB /* libcrypto.a in Frameworks */ = {isa = PBXBuildFile; fileRef = 2F217D4A1CE5764600D01DAB /* libcrypto.a */; };
		2F217D9B1CE5764700D01DAB /* libssl.a in Frameworks */ = {isa = PBXBuildFile; fileRef = 2F217D4B1CE5764600D01DAB /* libssl.a */; };
		2F217D9C1CE5764700D01DAB /* LICENSE in Resources */ = {isa = PBXBuildFile; fileRef = 2F217D4C1CE5764600D01DAB /* LICENSE */; };
		2F217D9F1CE5767400D01DAB /* rsa_private_key.pem in Resources */ = {isa = PBXBuildFile; fileRef = 2F217D9D1CE5767400D01DAB /* rsa_private_key.pem */; };
		2F217DA01CE5767400D01DAB /* rsa_public_key.pem in Resources */ = {isa = PBXBuildFile; fileRef = 2F217D9E1CE5767400D01DAB /* rsa_public_key.pem */; };
/* End PBXBuildFile section */

/* Begin PBXContainerItemProxy section */
		2F217D101CE471AF00D01DAB /* PBXContainerItemProxy */ = {
			isa = PBXContainerItemProxy;
			containerPortal = 2F217CEE1CE471AE00D01DAB /* Project object */;
			proxyType = 1;
			remoteGlobalIDString = 2F217CF51CE471AE00D01DAB;
			remoteInfo = Base64_MD5_RSA_sig_sigMd5;
		};
		2F217D1B1CE471AF00D01DAB /* PBXContainerItemProxy */ = {
			isa = PBXContainerItemProxy;
			containerPortal = 2F217CEE1CE471AE00D01DAB /* Project object */;
			proxyType = 1;
			remoteGlobalIDString = 2F217CF51CE471AE00D01DAB;
			remoteInfo = Base64_MD5_RSA_sig_sigMd5;
		};
/* End PBXContainerItemProxy section */

/* Begin PBXFileReference section */
		2F217CF61CE471AE00D01DAB /* Base64_MD5_RSA_sig_sigMd5.app */ = {isa = PBXFileReference; explicitFileType = wrapper.application; includeInIndex = 0; path = Base64_MD5_RSA_sig_sigMd5.app; sourceTree = BUILT_PRODUCTS_DIR; };
		2F217CFA1CE471AE00D01DAB /* main.m */ = {isa = PBXFileReference; lastKnownFileType = sourcecode.c.objc; path = main.m; sourceTree = "<group>"; };
		2F217CFC1CE471AE00D01DAB /* AppDelegate.h */ = {isa = PBXFileReference; lastKnownFileType = sourcecode.c.h; path = AppDelegate.h; sourceTree = "<group>"; };
		2F217CFD1CE471AE00D01DAB /* AppDelegate.m */ = {isa = PBXFileReference; lastKnownFileType = sourcecode.c.objc; path = AppDelegate.m; sourceTree = "<group>"; };
		2F217CFF1CE471AE00D01DAB /* ViewController.h */ = {isa = PBXFileReference; lastKnownFileType = sourcecode.c.h; path = ViewController.h; sourceTree = "<group>"; };
		2F217D001CE471AE00D01DAB /* ViewController.m */ = {isa = PBXFileReference; lastKnownFileType = sourcecode.c.objc; path = ViewController.m; sourceTree = "<group>"; };
		2F217D031CE471AE00D01DAB /* Base */ = {isa = PBXFileReference; lastKnownFileType = file.storyboard; name = Base; path = Base.lproj/Main.storyboard; sourceTree = "<group>"; };
		2F217D051CE471AE00D01DAB /* Assets.xcassets */ = {isa = PBXFileReference; lastKnownFileType = folder.assetcatalog; path = Assets.xcassets; sourceTree = "<group>"; };
		2F217D081CE471AE00D01DAB /* Base */ = {isa = PBXFileReference; lastKnownFileType = file.storyboard; name = Base; path = Base.lproj/LaunchScreen.storyboard; sourceTree = "<group>"; };
		2F217D0A1CE471AE00D01DAB /* Info.plist */ = {isa = PBXFileReference; lastKnownFileType = text.plist.xml; path = Info.plist; sourceTree = "<group>"; };
		2F217D0F1CE471AF00D01DAB /* Base64_MD5_RSA_sig_sigMd5Tests.xctest */ = {isa = PBXFileReference; explicitFileType = wrapper.cfbundle; includeInIndex = 0; path = Base64_MD5_RSA_sig_sigMd5Tests.xctest; sourceTree = BUILT_PRODUCTS_DIR; };
		2F217D131CE471AF00D01DAB /* Base64_MD5_RSA_sig_sigMd5Tests.m */ = {isa = PBXFileReference; lastKnownFileType = sourcecode.c.objc; path = Base64_MD5_RSA_sig_sigMd5Tests.m; sourceTree = "<group>"; };
		2F217D151CE471AF00D01DAB /* Info.plist */ = {isa = PBXFileReference; lastKnownFileType = text.plist.xml; path = Info.plist; sourceTree = "<group>"; };
		2F217D1A1CE471AF00D01DAB /* Base64_MD5_RSA_sig_sigMd5UITests.xctest */ = {isa = PBXFileReference; explicitFileType = wrapper.cfbundle; includeInIndex = 0; path = Base64_MD5_RSA_sig_sigMd5UITests.xctest; sourceTree = BUILT_PRODUCTS_DIR; };
		2F217D1E1CE471AF00D01DAB /* Base64_MD5_RSA_sig_sigMd5UITests.m */ = {isa = PBXFileReference; lastKnownFileType = sourcecode.c.objc; path = Base64_MD5_RSA_sig_sigMd5UITests.m; sourceTree = "<group>"; };
		2F217D201CE471AF00D01DAB /* Info.plist */ = {isa = PBXFileReference; lastKnownFileType = text.plist.xml; path = Info.plist; sourceTree = "<group>"; };
		2F217D2F1CE4825A00D01DAB /* Base64ViewController.h */ = {isa = PBXFileReference; fileEncoding = 4; lastKnownFileType = sourcecode.c.h; path = Base64ViewController.h; sourceTree = "<group>"; };
		2F217D301CE4825A00D01DAB /* Base64ViewController.m */ = {isa = PBXFileReference; fileEncoding = 4; lastKnownFileType = sourcecode.c.objc; path = Base64ViewController.m; sourceTree = "<group>"; };
		2F217D321CE4826800D01DAB /* MD5ViewController.h */ = {isa = PBXFileReference; fileEncoding = 4; lastKnownFileType = sourcecode.c.h; path = MD5ViewController.h; sourceTree = "<group>"; };
		2F217D331CE4826800D01DAB /* MD5ViewController.m */ = {isa = PBXFileReference; fileEncoding = 4; lastKnownFileType = sourcecode.c.objc; path = MD5ViewController.m; sourceTree = "<group>"; };
		2F217D351CE4827300D01DAB /* RSAViewController.h */ = {isa = PBXFileReference; fileEncoding = 4; lastKnownFileType = sourcecode.c.h; path = RSAViewController.h; sourceTree = "<group>"; };
		2F217D361CE4827300D01DAB /* RSAViewController.m */ = {isa = PBXFileReference; fileEncoding = 4; lastKnownFileType = sourcecode.c.objc; path = RSAViewController.m; sourceTree = "<group>"; };
		2F217D391CE4830800D01DAB /* GTMBase64.h */ = {isa = PBXFileReference; fileEncoding = 4; lastKnownFileType = sourcecode.c.h; path = GTMBase64.h; sourceTree = "<group>"; };
		2F217D3A1CE4830800D01DAB /* GTMBase64.m */ = {isa = PBXFileReference; fileEncoding = 4; lastKnownFileType = sourcecode.c.objc; path = GTMBase64.m; sourceTree = "<group>"; };
		2F217D3B1CE4830800D01DAB /* GTMDefines.h */ = {isa = PBXFileReference; fileEncoding = 4; lastKnownFileType = sourcecode.c.h; path = GTMDefines.h; sourceTree = "<group>"; };
		2F217D3C1CE4830800D01DAB /* ZZBase64.h */ = {isa = PBXFileReference; fileEncoding = 4; lastKnownFileType = sourcecode.c.h; path = ZZBase64.h; sourceTree = "<group>"; };
		2F217D3D1CE4830800D01DAB /* ZZBase64.m */ = {isa = PBXFileReference; fileEncoding = 4; lastKnownFileType = sourcecode.c.objc; path = ZZBase64.m; sourceTree = "<group>"; };
		2F217D431CE56A4900D01DAB /* NSString+MD5.h */ = {isa = PBXFileReference; fileEncoding = 4; lastKnownFileType = sourcecode.c.h; path = "NSString+MD5.h"; sourceTree = "<group>"; };
		2F217D441CE56A4900D01DAB /* NSString+MD5.m */ = {isa = PBXFileReference; fileEncoding = 4; lastKnownFileType = sourcecode.c.objc; path = "NSString+MD5.m"; sourceTree = "<group>"; };
		2F217D461CE5764600D01DAB /* HBRSAHandler.h */ = {isa = PBXFileReference; fileEncoding = 4; lastKnownFileType = sourcecode.c.h; path = HBRSAHandler.h; sourceTree = "<group>"; };
		2F217D471CE5764600D01DAB /* HBRSAHandler.m */ = {isa = PBXFileReference; fileEncoding = 4; lastKnownFileType = sourcecode.c.objc; path = HBRSAHandler.m; sourceTree = "<group>"; };
		2F217D4A1CE5764600D01DAB /* libcrypto.a */ = {isa = PBXFileReference; lastKnownFileType = archive.ar; path = libcrypto.a; sourceTree = "<group>"; };
		2F217D4B1CE5764600D01DAB /* libssl.a */ = {isa = PBXFileReference; lastKnownFileType = archive.ar; path = libssl.a; sourceTree = "<group>"; };
		2F217D4C1CE5764600D01DAB /* LICENSE */ = {isa = PBXFileReference; fileEncoding = 4; lastKnownFileType = text; path = LICENSE; sourceTree = "<group>"; };
		2F217D4E1CE5764600D01DAB /* aes.h */ = {isa = PBXFileReference; fileEncoding = 4; lastKnownFileType = sourcecode.c.h; path = aes.h; sourceTree = "<group>"; };
		2F217D4F1CE5764600D01DAB /* asn1.h */ = {isa = PBXFileReference; fileEncoding = 4; lastKnownFileType = sourcecode.c.h; path = asn1.h; sourceTree = "<group>"; };
		2F217D501CE5764600D01DAB /* asn1_mac.h */ = {isa = PBXFileReference; fileEncoding = 4; lastKnownFileType = sourcecode.c.h; path = asn1_mac.h; sourceTree = "<group>"; };
		2F217D511CE5764600D01DAB /* asn1t.h */ = {isa = PBXFileReference; fileEncoding = 4; lastKnownFileType = sourcecode.c.h; path = asn1t.h; sourceTree = "<group>"; };
		2F217D521CE5764600D01DAB /* bio.h */ = {isa = PBXFileReference; fileEncoding = 4; lastKnownFileType = sourcecode.c.h; path = bio.h; sourceTree = "<group>"; };
		2F217D531CE5764600D01DAB /* blowfish.h */ = {isa = PBXFileReference; fileEncoding = 4; lastKnownFileType = sourcecode.c.h; path = blowfish.h; sourceTree = "<group>"; };
		2F217D541CE5764600D01DAB /* bn.h */ = {isa = PBXFileReference; fileEncoding = 4; lastKnownFileType = sourcecode.c.h; path = bn.h; sourceTree = "<group>"; };
		2F217D551CE5764600D01DAB /* buffer.h */ = {isa = PBXFileReference; fileEncoding = 4; lastKnownFileType = sourcecode.c.h; path = buffer.h; sourceTree = "<group>"; };
		2F217D561CE5764600D01DAB /* camellia.h */ = {isa = PBXFileReference; fileEncoding = 4; lastKnownFileType = sourcecode.c.h; path = camellia.h; sourceTree = "<group>"; };
		2F217D571CE5764600D01DAB /* cast.h */ = {isa = PBXFileReference; fileEncoding = 4; lastKnownFileType = sourcecode.c.h; path = cast.h; sourceTree = "<group>"; };
		2F217D581CE5764600D01DAB /* cmac.h */ = {isa = PBXFileReference; fileEncoding = 4; lastKnownFileType = sourcecode.c.h; path = cmac.h; sourceTree = "<group>"; };
		2F217D591CE5764600D01DAB /* cms.h */ = {isa = PBXFileReference; fileEncoding = 4; lastKnownFileType = sourcecode.c.h; path = cms.h; sourceTree = "<group>"; };
		2F217D5A1CE5764600D01DAB /* comp.h */ = {isa = PBXFileReference; fileEncoding = 4; lastKnownFileType = sourcecode.c.h; path = comp.h; sourceTree = "<group>"; };
		2F217D5B1CE5764600D01DAB /* conf.h */ = {isa = PBXFileReference; fileEncoding = 4; lastKnownFileType = sourcecode.c.h; path = conf.h; sourceTree = "<group>"; };
		2F217D5C1CE5764600D01DAB /* conf_api.h */ = {isa = PBXFileReference; fileEncoding = 4; lastKnownFileType = sourcecode.c.h; path = conf_api.h; sourceTree = "<group>"; };
		2F217D5D1CE5764600D01DAB /* crypto.h */ = {isa = PBXFileReference; fileEncoding = 4; lastKnownFileType = sourcecode.c.h; path = crypto.h; sourceTree = "<group>"; };
		2F217D5E1CE5764600D01DAB /* des.h */ = {isa = PBXFileReference; fileEncoding = 4; lastKnownFileType = sourcecode.c.h; path = des.h; sourceTree = "<group>"; };
		2F217D5F1CE5764600D01DAB /* des_old.h */ = {isa = PBXFileReference; fileEncoding = 4; lastKnownFileType = sourcecode.c.h; path = des_old.h; sourceTree = "<group>"; };
		2F217D601CE5764600D01DAB /* dh.h */ = {isa = PBXFileReference; fileEncoding = 4; lastKnownFileType = sourcecode.c.h; path = dh.h; sourceTree = "<group>"; };
		2F217D611CE5764600D01DAB /* dsa.h */ = {isa = PBXFileReference; fileEncoding = 4; lastKnownFileType = sourcecode.c.h; path = dsa.h; sourceTree = "<group>"; };
		2F217D621CE5764600D01DAB /* dso.h */ = {isa = PBXFileReference; fileEncoding = 4; lastKnownFileType = sourcecode.c.h; path = dso.h; sourceTree = "<group>"; };
		2F217D631CE5764600D01DAB /* dtls1.h */ = {isa = PBXFileReference; fileEncoding = 4; lastKnownFileType = sourcecode.c.h; path = dtls1.h; sourceTree = "<group>"; };
		2F217D641CE5764600D01DAB /* e_os2.h */ = {isa = PBXFileReference; fileEncoding = 4; lastKnownFileType = sourcecode.c.h; path = e_os2.h; sourceTree = "<group>"; };
		2F217D651CE5764600D01DAB /* ebcdic.h */ = {isa = PBXFileReference; fileEncoding = 4; lastKnownFileType = sourcecode.c.h; path = ebcdic.h; sourceTree = "<group>"; };
		2F217D661CE5764600D01DAB /* ec.h */ = {isa = PBXFileReference; fileEncoding = 4; lastKnownFileType = sourcecode.c.h; path = ec.h; sourceTree = "<group>"; };
		2F217D671CE5764600D01DAB /* ecdh.h */ = {isa = PBXFileReference; fileEncoding = 4; lastKnownFileType = sourcecode.c.h; path = ecdh.h; sourceTree = "<group>"; };
		2F217D681CE5764600D01DAB /* ecdsa.h */ = {isa = PBXFileReference; fileEncoding = 4; lastKnownFileType = sourcecode.c.h; path = ecdsa.h; sourceTree = "<group>"; };
		2F217D691CE5764600D01DAB /* engine.h */ = {isa = PBXFileReference; fileEncoding = 4; lastKnownFileType = sourcecode.c.h; path = engine.h; sourceTree = "<group>"; };
		2F217D6A1CE5764600D01DAB /* err.h */ = {isa = PBXFileReference; fileEncoding = 4; lastKnownFileType = sourcecode.c.h; path = err.h; sourceTree = "<group>"; };
		2F217D6B1CE5764600D01DAB /* evp.h */ = {isa = PBXFileReference; fileEncoding = 4; lastKnownFileType = sourcecode.c.h; path = evp.h; sourceTree = "<group>"; };
		2F217D6C1CE5764600D01DAB /* hmac.h */ = {isa = PBXFileReference; fileEncoding = 4; lastKnownFileType = sourcecode.c.h; path = hmac.h; sourceTree = "<group>"; };
		2F217D6D1CE5764600D01DAB /* idea.h */ = {isa = PBXFileReference; fileEncoding = 4; lastKnownFileType = sourcecode.c.h; path = idea.h; sourceTree = "<group>"; };
		2F217D6E1CE5764600D01DAB /* krb5_asn.h */ = {isa = PBXFileReference; fileEncoding = 4; lastKnownFileType = sourcecode.c.h; path = krb5_asn.h; sourceTree = "<group>"; };
		2F217D6F1CE5764600D01DAB /* kssl.h */ = {isa = PBXFileReference; fileEncoding = 4; lastKnownFileType = sourcecode.c.h; path = kssl.h; sourceTree = "<group>"; };
		2F217D701CE5764600D01DAB /* lhash.h */ = {isa = PBXFileReference; fileEncoding = 4; lastKnownFileType = sourcecode.c.h; path = lhash.h; sourceTree = "<group>"; };
		2F217D711CE5764600D01DAB /* md4.h */ = {isa = PBXFileReference; fileEncoding = 4; lastKnownFileType = sourcecode.c.h; path = md4.h; sourceTree = "<group>"; };
		2F217D721CE5764600D01DAB /* md5.h */ = {isa = PBXFileReference; fileEncoding = 4; lastKnownFileType = sourcecode.c.h; path = md5.h; sourceTree = "<group>"; };
		2F217D731CE5764600D01DAB /* mdc2.h */ = {isa = PBXFileReference; fileEncoding = 4; lastKnownFileType = sourcecode.c.h; path = mdc2.h; sourceTree = "<group>"; };
		2F217D741CE5764600D01DAB /* modes.h */ = {isa = PBXFileReference; fileEncoding = 4; lastKnownFileType = sourcecode.c.h; path = modes.h; sourceTree = "<group>"; };
		2F217D751CE5764600D01DAB /* obj_mac.h */ = {isa = PBXFileReference; fileEncoding = 4; lastKnownFileType = sourcecode.c.h; path = obj_mac.h; sourceTree = "<group>"; };
		2F217D761CE5764600D01DAB /* objects.h */ = {isa = PBXFileReference; fileEncoding = 4; lastKnownFileType = sourcecode.c.h; path = objects.h; sourceTree = "<group>"; };
		2F217D771CE5764600D01DAB /* ocsp.h */ = {isa = PBXFileReference; fileEncoding = 4; lastKnownFileType = sourcecode.c.h; path = ocsp.h; sourceTree = "<group>"; };
		2F217D781CE5764600D01DAB /* opensslconf.h */ = {isa = PBXFileReference; fileEncoding = 4; lastKnownFileType = sourcecode.c.h; path = opensslconf.h; sourceTree = "<group>"; };
		2F217D791CE5764600D01DAB /* opensslv.h */ = {isa = PBXFileReference; fileEncoding = 4; lastKnownFileType = sourcecode.c.h; path = opensslv.h; sourceTree = "<group>"; };
		2F217D7A1CE5764600D01DAB /* ossl_typ.h */ = {isa = PBXFileReference; fileEncoding = 4; lastKnownFileType = sourcecode.c.h; path = ossl_typ.h; sourceTree = "<group>"; };
		2F217D7B1CE5764600D01DAB /* pem.h */ = {isa = PBXFileReference; fileEncoding = 4; lastKnownFileType = sourcecode.c.h; path = pem.h; sourceTree = "<group>"; };
		2F217D7C1CE5764600D01DAB /* pem2.h */ = {isa = PBXFileReference; fileEncoding = 4; lastKnownFileType = sourcecode.c.h; path = pem2.h; sourceTree = "<group>"; };
		2F217D7D1CE5764600D01DAB /* pkcs12.h */ = {isa = PBXFileReference; fileEncoding = 4; lastKnownFileType = sourcecode.c.h; path = pkcs12.h; sourceTree = "<group>"; };
		2F217D7E1CE5764600D01DAB /* pkcs7.h */ = {isa = PBXFileReference; fileEncoding = 4; lastKnownFileType = sourcecode.c.h; path = pkcs7.h; sourceTree = "<group>"; };
		2F217D7F1CE5764600D01DAB /* pqueue.h */ = {isa = PBXFileReference; fileEncoding = 4; lastKnownFileType = sourcecode.c.h; path = pqueue.h; sourceTree = "<group>"; };
		2F217D801CE5764600D01DAB /* rand.h */ = {isa = PBXFileReference; fileEncoding = 4; lastKnownFileType = sourcecode.c.h; path = rand.h; sourceTree = "<group>"; };
		2F217D811CE5764600D01DAB /* rc2.h */ = {isa = PBXFileReference; fileEncoding = 4; lastKnownFileType = sourcecode.c.h; path = rc2.h; sourceTree = "<group>"; };
		2F217D821CE5764600D01DAB /* rc4.h */ = {isa = PBXFileReference; fileEncoding = 4; lastKnownFileType = sourcecode.c.h; path = rc4.h; sourceTree = "<group>"; };
		2F217D831CE5764600D01DAB /* ripemd.h */ = {isa = PBXFileReference; fileEncoding = 4; lastKnownFileType = sourcecode.c.h; path = ripemd.h; sourceTree = "<group>"; };
		2F217D841CE5764600D01DAB /* rsa.h */ = {isa = PBXFileReference; fileEncoding = 4; lastKnownFileType = sourcecode.c.h; path = rsa.h; sourceTree = "<group>"; };
		2F217D851CE5764600D01DAB /* safestack.h */ = {isa = PBXFileReference; fileEncoding = 4; lastKnownFileType = sourcecode.c.h; path = safestack.h; sourceTree = "<group>"; };
		2F217D861CE5764600D01DAB /* seed.h */ = {isa = PBXFileReference; fileEncoding = 4; lastKnownFileType = sourcecode.c.h; path = seed.h; sourceTree = "<group>"; };
		2F217D871CE5764600D01DAB /* sha.h */ = {isa = PBXFileReference; fileEncoding = 4; lastKnownFileType = sourcecode.c.h; path = sha.h; sourceTree = "<group>"; };
		2F217D881CE5764600D01DAB /* srp.h */ = {isa = PBXFileReference; fileEncoding = 4; lastKnownFileType = sourcecode.c.h; path = srp.h; sourceTree = "<group>"; };
		2F217D891CE5764600D01DAB /* srtp.h */ = {isa = PBXFileReference; fileEncoding = 4; lastKnownFileType = sourcecode.c.h; path = srtp.h; sourceTree = "<group>"; };
		2F217D8A1CE5764600D01DAB /* ssl.h */ = {isa = PBXFileReference; fileEncoding = 4; lastKnownFileType = sourcecode.c.h; path = ssl.h; sourceTree = "<group>"; };
		2F217D8B1CE5764600D01DAB /* ssl2.h */ = {isa = PBXFileReference; fileEncoding = 4; lastKnownFileType = sourcecode.c.h; path = ssl2.h; sourceTree = "<group>"; };
		2F217D8C1CE5764600D01DAB /* ssl23.h */ = {isa = PBXFileReference; fileEncoding = 4; lastKnownFileType = sourcecode.c.h; path = ssl23.h; sourceTree = "<group>"; };
		2F217D8D1CE5764600D01DAB /* ssl3.h */ = {isa = PBXFileReference; fileEncoding = 4; lastKnownFileType = sourcecode.c.h; path = ssl3.h; sourceTree = "<group>"; };
		2F217D8E1CE5764600D01DAB /* stack.h */ = {isa = PBXFileReference; fileEncoding = 4; lastKnownFileType = sourcecode.c.h; path = stack.h; sourceTree = "<group>"; };
		2F217D8F1CE5764600D01DAB /* symhacks.h */ = {isa = PBXFileReference; fileEncoding = 4; lastKnownFileType = sourcecode.c.h; path = symhacks.h; sourceTree = "<group>"; };
		2F217D901CE5764600D01DAB /* tls1.h */ = {isa = PBXFileReference; fileEncoding = 4; lastKnownFileType = sourcecode.c.h; path = tls1.h; sourceTree = "<group>"; };
		2F217D911CE5764600D01DAB /* ts.h */ = {isa = PBXFileReference; fileEncoding = 4; lastKnownFileType = sourcecode.c.h; path = ts.h; sourceTree = "<group>"; };
		2F217D921CE5764600D01DAB /* txt_db.h */ = {isa = PBXFileReference; fileEncoding = 4; lastKnownFileType = sourcecode.c.h; path = txt_db.h; sourceTree = "<group>"; };
		2F217D931CE5764600D01DAB /* ui.h */ = {isa = PBXFileReference; fileEncoding = 4; lastKnownFileType = sourcecode.c.h; path = ui.h; sourceTree = "<group>"; };
		2F217D941CE5764600D01DAB /* ui_compat.h */ = {isa = PBXFileReference; fileEncoding = 4; lastKnownFileType = sourcecode.c.h; path = ui_compat.h; sourceTree = "<group>"; };
		2F217D951CE5764600D01DAB /* whrlpool.h */ = {isa = PBXFileReference; fileEncoding = 4; lastKnownFileType = sourcecode.c.h; path = whrlpool.h; sourceTree = "<group>"; };
		2F217D961CE5764600D01DAB /* x509.h */ = {isa = PBXFileReference; fileEncoding = 4; lastKnownFileType = sourcecode.c.h; path = x509.h; sourceTree = "<group>"; };
		2F217D971CE5764600D01DAB /* x509_vfy.h */ = {isa = PBXFileReference; fileEncoding = 4; lastKnownFileType = sourcecode.c.h; path = x509_vfy.h; sourceTree = "<group>"; };
		2F217D981CE5764600D01DAB /* x509v3.h */ = {isa = PBXFileReference; fileEncoding = 4; lastKnownFileType = sourcecode.c.h; path = x509v3.h; sourceTree = "<group>"; };
		2F217D9D1CE5767400D01DAB /* rsa_private_key.pem */ = {isa = PBXFileReference; fileEncoding = 4; lastKnownFileType = text; path = rsa_private_key.pem; sourceTree = "<group>"; };
		2F217D9E1CE5767400D01DAB /* rsa_public_key.pem */ = {isa = PBXFileReference; fileEncoding = 4; lastKnownFileType = text; path = rsa_public_key.pem; sourceTree = "<group>"; };
/* End PBXFileReference section */

/* Begin PBXFrameworksBuildPhase section */
		2F217CF31CE471AE00D01DAB /* Frameworks */ = {
			isa = PBXFrameworksBuildPhase;
			buildActionMask = 2147483647;
			files = (
				2F217D9B1CE5764700D01DAB /* libssl.a in Frameworks */,
				2F217D9A1CE5764600D01DAB /* libcrypto.a in Frameworks */,
			);
			runOnlyForDeploymentPostprocessing = 0;
		};
		2F217D0C1CE471AF00D01DAB /* Frameworks */ = {
			isa = PBXFrameworksBuildPhase;
			buildActionMask = 2147483647;
			files = (
			);
			runOnlyForDeploymentPostprocessing = 0;
		};
		2F217D171CE471AF00D01DAB /* Frameworks */ = {
			isa = PBXFrameworksBuildPhase;
			buildActionMask = 2147483647;
			files = (
			);
			runOnlyForDeploymentPostprocessing = 0;
		};
/* End PBXFrameworksBuildPhase section */

/* Begin PBXGroup section */
		2F217CED1CE471AE00D01DAB = {
			isa = PBXGroup;
			children = (
				2F217CF81CE471AE00D01DAB /* Base64_MD5_RSA_sig_sigMd5 */,
				2F217D121CE471AF00D01DAB /* Base64_MD5_RSA_sig_sigMd5Tests */,
				2F217D1D1CE471AF00D01DAB /* Base64_MD5_RSA_sig_sigMd5UITests */,
				2F217CF71CE471AE00D01DAB /* Products */,
			);
			sourceTree = "<group>";
		};
		2F217CF71CE471AE00D01DAB /* Products */ = {
			isa = PBXGroup;
			children = (
				2F217CF61CE471AE00D01DAB /* Base64_MD5_RSA_sig_sigMd5.app */,
				2F217D0F1CE471AF00D01DAB /* Base64_MD5_RSA_sig_sigMd5Tests.xctest */,
				2F217D1A1CE471AF00D01DAB /* Base64_MD5_RSA_sig_sigMd5UITests.xctest */,
			);
			name = Products;
			sourceTree = "<group>";
		};
		2F217CF81CE471AE00D01DAB /* Base64_MD5_RSA_sig_sigMd5 */ = {
			isa = PBXGroup;
			children = (
				2F217D2C1CE47C6E00D01DAB /* Base64 */,
				2F217D2D1CE47C6E00D01DAB /* MD5 */,
				2F217D2E1CE47C6E00D01DAB /* RSA */,
				2F217CFC1CE471AE00D01DAB /* AppDelegate.h */,
				2F217CFD1CE471AE00D01DAB /* AppDelegate.m */,
				2F217CFF1CE471AE00D01DAB /* ViewController.h */,
				2F217D001CE471AE00D01DAB /* ViewController.m */,
				2F217D021CE471AE00D01DAB /* Main.storyboard */,
				2F217D051CE471AE00D01DAB /* Assets.xcassets */,
				2F217D071CE471AE00D01DAB /* LaunchScreen.storyboard */,
				2F217D0A1CE471AE00D01DAB /* Info.plist */,
				2F217CF91CE471AE00D01DAB /* Supporting Files */,
			);
			path = Base64_MD5_RSA_sig_sigMd5;
			sourceTree = "<group>";
		};
		2F217CF91CE471AE00D01DAB /* Supporting Files */ = {
			isa = PBXGroup;
			children = (
				2F217CFA1CE471AE00D01DAB /* main.m */,
			);
			name = "Supporting Files";
			sourceTree = "<group>";
		};
		2F217D121CE471AF00D01DAB /* Base64_MD5_RSA_sig_sigMd5Tests */ = {
			isa = PBXGroup;
			children = (
				2F217D131CE471AF00D01DAB /* Base64_MD5_RSA_sig_sigMd5Tests.m */,
				2F217D151CE471AF00D01DAB /* Info.plist */,
			);
			path = Base64_MD5_RSA_sig_sigMd5Tests;
			sourceTree = "<group>";
		};
		2F217D1D1CE471AF00D01DAB /* Base64_MD5_RSA_sig_sigMd5UITests */ = {
			isa = PBXGroup;
			children = (
				2F217D1E1CE471AF00D01DAB /* Base64_MD5_RSA_sig_sigMd5UITests.m */,
				2F217D201CE471AF00D01DAB /* Info.plist */,
			);
			path = Base64_MD5_RSA_sig_sigMd5UITests;
			sourceTree = "<group>";
		};
		2F217D2C1CE47C6E00D01DAB /* Base64 */ = {
			isa = PBXGroup;
			children = (
				2F217D381CE4830800D01DAB /* Class */,
				2F217D2F1CE4825A00D01DAB /* Base64ViewController.h */,
				2F217D301CE4825A00D01DAB /* Base64ViewController.m */,
			);
			path = Base64;
			sourceTree = "<group>";
		};
		2F217D2D1CE47C6E00D01DAB /* MD5 */ = {
			isa = PBXGroup;
			children = (
				2F217D431CE56A4900D01DAB /* NSString+MD5.h */,
				2F217D441CE56A4900D01DAB /* NSString+MD5.m */,
				2F217D321CE4826800D01DAB /* MD5ViewController.h */,
				2F217D331CE4826800D01DAB /* MD5ViewController.m */,
			);
			path = MD5;
			sourceTree = "<group>";
		};
		2F217D2E1CE47C6E00D01DAB /* RSA */ = {
			isa = PBXGroup;
			children = (
				2F217D461CE5764600D01DAB /* HBRSAHandler.h */,
				2F217D471CE5764600D01DAB /* HBRSAHandler.m */,
				2F217D481CE5764600D01DAB /* openssl */,
				2F217D351CE4827300D01DAB /* RSAViewController.h */,
				2F217D361CE4827300D01DAB /* RSAViewController.m */,
			);
			path = RSA;
			sourceTree = "<group>";
		};
		2F217D381CE4830800D01DAB /* Class */ = {
			isa = PBXGroup;
			children = (
				2F217D391CE4830800D01DAB /* GTMBase64.h */,
				2F217D3A1CE4830800D01DAB /* GTMBase64.m */,
				2F217D3B1CE4830800D01DAB /* GTMDefines.h */,
				2F217D3C1CE4830800D01DAB /* ZZBase64.h */,
				2F217D3D1CE4830800D01DAB /* ZZBase64.m */,
			);
			path = Class;
			sourceTree = "<group>";
		};
		2F217D481CE5764600D01DAB /* openssl */ = {
			isa = PBXGroup;
			children = (
				2F217D9D1CE5767400D01DAB /* rsa_private_key.pem */,
				2F217D9E1CE5767400D01DAB /* rsa_public_key.pem */,
				2F217D491CE5764600D01DAB /* include */,
			);
			path = openssl;
			sourceTree = "<group>";
		};
		2F217D491CE5764600D01DAB /* include */ = {
			isa = PBXGroup;
			children = (
				2F217D4A1CE5764600D01DAB /* libcrypto.a */,
				2F217D4B1CE5764600D01DAB /* libssl.a */,
				2F217D4C1CE5764600D01DAB /* LICENSE */,
				2F217D4D1CE5764600D01DAB /* openssl */,
			);
			path = include;
			sourceTree = "<group>";
		};
		2F217D4D1CE5764600D01DAB /* openssl */ = {
			isa = PBXGroup;
			children = (
				2F217D4E1CE5764600D01DAB /* aes.h */,
				2F217D4F1CE5764600D01DAB /* asn1.h */,
				2F217D501CE5764600D01DAB /* asn1_mac.h */,
				2F217D511CE5764600D01DAB /* asn1t.h */,
				2F217D521CE5764600D01DAB /* bio.h */,
				2F217D531CE5764600D01DAB /* blowfish.h */,
				2F217D541CE5764600D01DAB /* bn.h */,
				2F217D551CE5764600D01DAB /* buffer.h */,
				2F217D561CE5764600D01DAB /* camellia.h */,
				2F217D571CE5764600D01DAB /* cast.h */,
				2F217D581CE5764600D01DAB /* cmac.h */,
				2F217D591CE5764600D01DAB /* cms.h */,
				2F217D5A1CE5764600D01DAB /* comp.h */,
				2F217D5B1CE5764600D01DAB /* conf.h */,
				2F217D5C1CE5764600D01DAB /* conf_api.h */,
				2F217D5D1CE5764600D01DAB /* crypto.h */,
				2F217D5E1CE5764600D01DAB /* des.h */,
				2F217D5F1CE5764600D01DAB /* des_old.h */,
				2F217D601CE5764600D01DAB /* dh.h */,
				2F217D611CE5764600D01DAB /* dsa.h */,
				2F217D621CE5764600D01DAB /* dso.h */,
				2F217D631CE5764600D01DAB /* dtls1.h */,
				2F217D641CE5764600D01DAB /* e_os2.h */,
				2F217D651CE5764600D01DAB /* ebcdic.h */,
				2F217D661CE5764600D01DAB /* ec.h */,
				2F217D671CE5764600D01DAB /* ecdh.h */,
				2F217D681CE5764600D01DAB /* ecdsa.h */,
				2F217D691CE5764600D01DAB /* engine.h */,
				2F217D6A1CE5764600D01DAB /* err.h */,
				2F217D6B1CE5764600D01DAB /* evp.h */,
				2F217D6C1CE5764600D01DAB /* hmac.h */,
				2F217D6D1CE5764600D01DAB /* idea.h */,
				2F217D6E1CE5764600D01DAB /* krb5_asn.h */,
				2F217D6F1CE5764600D01DAB /* kssl.h */,
				2F217D701CE5764600D01DAB /* lhash.h */,
				2F217D711CE5764600D01DAB /* md4.h */,
				2F217D721CE5764600D01DAB /* md5.h */,
				2F217D731CE5764600D01DAB /* mdc2.h */,
				2F217D741CE5764600D01DAB /* modes.h */,
				2F217D751CE5764600D01DAB /* obj_mac.h */,
				2F217D761CE5764600D01DAB /* objects.h */,
				2F217D771CE5764600D01DAB /* ocsp.h */,
				2F217D781CE5764600D01DAB /* opensslconf.h */,
				2F217D791CE5764600D01DAB /* opensslv.h */,
				2F217D7A1CE5764600D01DAB /* ossl_typ.h */,
				2F217D7B1CE5764600D01DAB /* pem.h */,
				2F217D7C1CE5764600D01DAB /* pem2.h */,
				2F217D7D1CE5764600D01DAB /* pkcs12.h */,
				2F217D7E1CE5764600D01DAB /* pkcs7.h */,
				2F217D7F1CE5764600D01DAB /* pqueue.h */,
				2F217D801CE5764600D01DAB /* rand.h */,
				2F217D811CE5764600D01DAB /* rc2.h */,
				2F217D821CE5764600D01DAB /* rc4.h */,
				2F217D831CE5764600D01DAB /* ripemd.h */,
				2F217D841CE5764600D01DAB /* rsa.h */,
				2F217D851CE5764600D01DAB /* safestack.h */,
				2F217D861CE5764600D01DAB /* seed.h */,
				2F217D871CE5764600D01DAB /* sha.h */,
				2F217D881CE5764600D01DAB /* srp.h */,
				2F217D891CE5764600D01DAB /* srtp.h */,
				2F217D8A1CE5764600D01DAB /* ssl.h */,
				2F217D8B1CE5764600D01DAB /* ssl2.h */,
				2F217D8C1CE5764600D01DAB /* ssl23.h */,
				2F217D8D1CE5764600D01DAB /* ssl3.h */,
				2F217D8E1CE5764600D01DAB /* stack.h */,
				2F217D8F1CE5764600D01DAB /* symhacks.h */,
				2F217D901CE5764600D01DAB /* tls1.h */,
				2F217D911CE5764600D01DAB /* ts.h */,
				2F217D921CE5764600D01DAB /* txt_db.h */,
				2F217D931CE5764600D01DAB /* ui.h */,
				2F217D941CE5764600D01DAB /* ui_compat.h */,
				2F217D951CE5764600D01DAB /* whrlpool.h */,
				2F217D961CE5764600D01DAB /* x509.h */,
				2F217D971CE5764600D01DAB /* x509_vfy.h */,
				2F217D981CE5764600D01DAB /* x509v3.h */,
			);
			path = openssl;
			sourceTree = "<group>";
		};
/* End PBXGroup section */

/* Begin PBXNativeTarget section */
		2F217CF51CE471AE00D01DAB /* Base64_MD5_RSA_sig_sigMd5 */ = {
			isa = PBXNativeTarget;
			buildConfigurationList = 2F217D231CE471AF00D01DAB /* Build configuration list for PBXNativeTarget "Base64_MD5_RSA_sig_sigMd5" */;
			buildPhases = (
				2F217CF21CE471AE00D01DAB /* Sources */,
				2F217CF31CE471AE00D01DAB /* Frameworks */,
				2F217CF41CE471AE00D01DAB /* Resources */,
			);
			buildRules = (
			);
			dependencies = (
			);
			name = Base64_MD5_RSA_sig_sigMd5;
			productName = Base64_MD5_RSA_sig_sigMd5;
			productReference = 2F217CF61CE471AE00D01DAB /* Base64_MD5_RSA_sig_sigMd5.app */;
			productType = "com.apple.product-type.application";
		};
		2F217D0E1CE471AF00D01DAB /* Base64_MD5_RSA_sig_sigMd5Tests */ = {
			isa = PBXNativeTarget;
			buildConfigurationList = 2F217D261CE471AF00D01DAB /* Build configuration list for PBXNativeTarget "Base64_MD5_RSA_sig_sigMd5Tests" */;
			buildPhases = (
				2F217D0B1CE471AF00D01DAB /* Sources */,
				2F217D0C1CE471AF00D01DAB /* Frameworks */,
				2F217D0D1CE471AF00D01DAB /* Resources */,
			);
			buildRules = (
			);
			dependencies = (
				2F217D111CE471AF00D01DAB /* PBXTargetDependency */,
			);
			name = Base64_MD5_RSA_sig_sigMd5Tests;
			productName = Base64_MD5_RSA_sig_sigMd5Tests;
			productReference = 2F217D0F1CE471AF00D01DAB /* Base64_MD5_RSA_sig_sigMd5Tests.xctest */;
			productType = "com.apple.product-type.bundle.unit-test";
		};
		2F217D191CE471AF00D01DAB /* Base64_MD5_RSA_sig_sigMd5UITests */ = {
			isa = PBXNativeTarget;
			buildConfigurationList = 2F217D291CE471AF00D01DAB /* Build configuration list for PBXNativeTarget "Base64_MD5_RSA_sig_sigMd5UITests" */;
			buildPhases = (
				2F217D161CE471AF00D01DAB /* Sources */,
				2F217D171CE471AF00D01DAB /* Frameworks */,
				2F217D181CE471AF00D01DAB /* Resources */,
			);
			buildRules = (
			);
			dependencies = (
				2F217D1C1CE471AF00D01DAB /* PBXTargetDependency */,
			);
			name = Base64_MD5_RSA_sig_sigMd5UITests;
			productName = Base64_MD5_RSA_sig_sigMd5UITests;
			productReference = 2F217D1A1CE471AF00D01DAB /* Base64_MD5_RSA_sig_sigMd5UITests.xctest */;
			productType = "com.apple.product-type.bundle.ui-testing";
		};
/* End PBXNativeTarget section */

/* Begin PBXProject section */
		2F217CEE1CE471AE00D01DAB /* Project object */ = {
			isa = PBXProject;
			attributes = {
				LastUpgradeCheck = 0720;
				ORGANIZATIONNAME = FanLang;
				TargetAttributes = {
					2F217CF51CE471AE00D01DAB = {
						CreatedOnToolsVersion = 7.2;
					};
					2F217D0E1CE471AF00D01DAB = {
						CreatedOnToolsVersion = 7.2;
						TestTargetID = 2F217CF51CE471AE00D01DAB;
					};
					2F217D191CE471AF00D01DAB = {
						CreatedOnToolsVersion = 7.2;
						TestTargetID = 2F217CF51CE471AE00D01DAB;
					};
				};
			};
			buildConfigurationList = 2F217CF11CE471AE00D01DAB /* Build configuration list for PBXProject "Base64_MD5_RSA_sig_sigMd5" */;
			compatibilityVersion = "Xcode 3.2";
			developmentRegion = English;
			hasScannedForEncodings = 0;
			knownRegions = (
				en,
				Base,
			);
			mainGroup = 2F217CED1CE471AE00D01DAB;
			productRefGroup = 2F217CF71CE471AE00D01DAB /* Products */;
			projectDirPath = "";
			projectRoot = "";
			targets = (
				2F217CF51CE471AE00D01DAB /* Base64_MD5_RSA_sig_sigMd5 */,
				2F217D0E1CE471AF00D01DAB /* Base64_MD5_RSA_sig_sigMd5Tests */,
				2F217D191CE471AF00D01DAB /* Base64_MD5_RSA_sig_sigMd5UITests */,
			);
		};
/* End PBXProject section */

/* Begin PBXResourcesBuildPhase section */
		2F217CF41CE471AE00D01DAB /* Resources */ = {
			isa = PBXResourcesBuildPhase;
			buildActionMask = 2147483647;
			files = (
				2F217DA01CE5767400D01DAB /* rsa_public_key.pem in Resources */,
				2F217D9F1CE5767400D01DAB /* rsa_private_key.pem in Resources */,
				2F217D091CE471AE00D01DAB /* LaunchScreen.storyboard in Resources */,
				2F217D061CE471AE00D01DAB /* Assets.xcassets in Resources */,
				2F217D9C1CE5764700D01DAB /* LICENSE in Resources */,
				2F217D041CE471AE00D01DAB /* Main.storyboard in Resources */,
			);
			runOnlyForDeploymentPostprocessing = 0;
		};
		2F217D0D1CE471AF00D01DAB /* Resources */ = {
			isa = PBXResourcesBuildPhase;
			buildActionMask = 2147483647;
			files = (
			);
			runOnlyForDeploymentPostprocessing = 0;
		};
		2F217D181CE471AF00D01DAB /* Resources */ = {
			isa = PBXResourcesBuildPhase;
			buildActionMask = 2147483647;
			files = (
			);
			runOnlyForDeploymentPostprocessing = 0;
		};
/* End PBXResourcesBuildPhase section */

/* Begin PBXSourcesBuildPhase section */
		2F217CF21CE471AE00D01DAB /* Sources */ = {
			isa = PBXSourcesBuildPhase;
			buildActionMask = 2147483647;
			files = (
				2F217D011CE471AE00D01DAB /* ViewController.m in Sources */,
				2F217D311CE4825A00D01DAB /* Base64ViewController.m in Sources */,
				2F217D451CE56A4900D01DAB /* NSString+MD5.m in Sources */,
				2F217D341CE4826800D01DAB /* MD5ViewController.m in Sources */,
				2F217D371CE4827300D01DAB /* RSAViewController.m in Sources */,
				2F217CFE1CE471AE00D01DAB /* AppDelegate.m in Sources */,
				2F217CFB1CE471AE00D01DAB /* main.m in Sources */,
				2F217D3F1CE4830800D01DAB /* ZZBase64.m in Sources */,
				2F217D3E1CE4830800D01DAB /* GTMBase64.m in Sources */,
				2F217D991CE5764600D01DAB /* HBRSAHandler.m in Sources */,
			);
			runOnlyForDeploymentPostprocessing = 0;
		};
		2F217D0B1CE471AF00D01DAB /* Sources */ = {
			isa = PBXSourcesBuildPhase;
			buildActionMask = 2147483647;
			files = (
				2F217D141CE471AF00D01DAB /* Base64_MD5_RSA_sig_sigMd5Tests.m in Sources */,
			);
			runOnlyForDeploymentPostprocessing = 0;
		};
		2F217D161CE471AF00D01DAB /* Sources */ = {
			isa = PBXSourcesBuildPhase;
			buildActionMask = 2147483647;
			files = (
				2F217D1F1CE471AF00D01DAB /* Base64_MD5_RSA_sig_sigMd5UITests.m in Sources */,
			);
			runOnlyForDeploymentPostprocessing = 0;
		};
/* End PBXSourcesBuildPhase section */

/* Begin PBXTargetDependency section */
		2F217D111CE471AF00D01DAB /* PBXTargetDependency */ = {
			isa = PBXTargetDependency;
			target = 2F217CF51CE471AE00D01DAB /* Base64_MD5_RSA_sig_sigMd5 */;
			targetProxy = 2F217D101CE471AF00D01DAB /* PBXContainerItemProxy */;
		};
		2F217D1C1CE471AF00D01DAB /* PBXTargetDependency */ = {
			isa = PBXTargetDependency;
			target = 2F217CF51CE471AE00D01DAB /* Base64_MD5_RSA_sig_sigMd5 */;
			targetProxy = 2F217D1B1CE471AF00D01DAB /* PBXContainerItemProxy */;
		};
/* End PBXTargetDependency section */

/* Begin PBXVariantGroup section */
		2F217D021CE471AE00D01DAB /* Main.storyboard */ = {
			isa = PBXVariantGroup;
			children = (
				2F217D031CE471AE00D01DAB /* Base */,
			);
			name = Main.storyboard;
			sourceTree = "<group>";
		};
		2F217D071CE471AE00D01DAB /* LaunchScreen.storyboard */ = {
			isa = PBXVariantGroup;
			children = (
				2F217D081CE471AE00D01DAB /* Base */,
			);
			name = LaunchScreen.storyboard;
			sourceTree = "<group>";
		};
/* End PBXVariantGroup section */

/* Begin XCBuildConfiguration section */
		2F217D211CE471AF00D01DAB /* Debug */ = {
			isa = XCBuildConfiguration;
			buildSettings = {
				ALWAYS_SEARCH_USER_PATHS = NO;
				CLANG_CXX_LANGUAGE_STANDARD = "gnu++0x";
				CLANG_CXX_LIBRARY = "libc++";
				CLANG_ENABLE_MODULES = YES;
				CLANG_ENABLE_OBJC_ARC = YES;
				CLANG_WARN_BOOL_CONVERSION = YES;
				CLANG_WARN_CONSTANT_CONVERSION = YES;
				CLANG_WARN_DIRECT_OBJC_ISA_USAGE = YES_ERROR;
				CLANG_WARN_EMPTY_BODY = YES;
				CLANG_WARN_ENUM_CONVERSION = YES;
				CLANG_WARN_INT_CONVERSION = YES;
				CLANG_WARN_OBJC_ROOT_CLASS = YES_ERROR;
				CLANG_WARN_UNREACHABLE_CODE = YES;
				CLANG_WARN__DUPLICATE_METHOD_MATCH = YES;
				"CODE_SIGN_IDENTITY[sdk=iphoneos*]" = "iPhone Developer";
				COPY_PHASE_STRIP = NO;
				DEBUG_INFORMATION_FORMAT = dwarf;
				ENABLE_STRICT_OBJC_MSGSEND = YES;
				ENABLE_TESTABILITY = YES;
				GCC_C_LANGUAGE_STANDARD = gnu99;
				GCC_DYNAMIC_NO_PIC = NO;
				GCC_NO_COMMON_BLOCKS = YES;
				GCC_OPTIMIZATION_LEVEL = 0;
				GCC_PREPROCESSOR_DEFINITIONS = (
					"DEBUG=1",
					"$(inherited)",
				);
				GCC_WARN_64_TO_32_BIT_CONVERSION = YES;
				GCC_WARN_ABOUT_RETURN_TYPE = YES_ERROR;
				GCC_WARN_UNDECLARED_SELECTOR = YES;
				GCC_WARN_UNINITIALIZED_AUTOS = YES_AGGRESSIVE;
				GCC_WARN_UNUSED_FUNCTION = YES;
				GCC_WARN_UNUSED_VARIABLE = YES;
				IPHONEOS_DEPLOYMENT_TARGET = 9.2;
				MTL_ENABLE_DEBUG_INFO = YES;
				ONLY_ACTIVE_ARCH = YES;
				SDKROOT = iphoneos;
			};
			name = Debug;
		};
		2F217D221CE471AF00D01DAB /* Release */ = {
			isa = XCBuildConfiguration;
			buildSettings = {
				ALWAYS_SEARCH_USER_PATHS = NO;
				CLANG_CXX_LANGUAGE_STANDARD = "gnu++0x";
				CLANG_CXX_LIBRARY = "libc++";
				CLANG_ENABLE_MODULES = YES;
				CLANG_ENABLE_OBJC_ARC = YES;
				CLANG_WARN_BOOL_CONVERSION = YES;
				CLANG_WARN_CONSTANT_CONVERSION = YES;
				CLANG_WARN_DIRECT_OBJC_ISA_USAGE = YES_ERROR;
				CLANG_WARN_EMPTY_BODY = YES;
				CLANG_WARN_ENUM_CONVERSION = YES;
				CLANG_WARN_INT_CONVERSION = YES;
				CLANG_WARN_OBJC_ROOT_CLASS = YES_ERROR;
				CLANG_WARN_UNREACHABLE_CODE = YES;
				CLANG_WARN__DUPLICATE_METHOD_MATCH = YES;
				"CODE_SIGN_IDENTITY[sdk=iphoneos*]" = "iPhone Developer";
				COPY_PHASE_STRIP = NO;
				DEBUG_INFORMATION_FORMAT = "dwarf-with-dsym";
				ENABLE_NS_ASSERTIONS = NO;
				ENABLE_STRICT_OBJC_MSGSEND = YES;
				GCC_C_LANGUAGE_STANDARD = gnu99;
				GCC_NO_COMMON_BLOCKS = YES;
				GCC_WARN_64_TO_32_BIT_CONVERSION = YES;
				GCC_WARN_ABOUT_RETURN_TYPE = YES_ERROR;
				GCC_WARN_UNDECLARED_SELECTOR = YES;
				GCC_WARN_UNINITIALIZED_AUTOS = YES_AGGRESSIVE;
				GCC_WARN_UNUSED_FUNCTION = YES;
				GCC_WARN_UNUSED_VARIABLE = YES;
				IPHONEOS_DEPLOYMENT_TARGET = 9.2;
				MTL_ENABLE_DEBUG_INFO = NO;
				SDKROOT = iphoneos;
				VALIDATE_PRODUCT = YES;
			};
			name = Release;
		};
		2F217D241CE471AF00D01DAB /* Debug */ = {
			isa = XCBuildConfiguration;
			buildSettings = {
				ASSETCATALOG_COMPILER_APPICON_NAME = AppIcon;
				HEADER_SEARCH_PATHS = "$(SRCROOT)/Base64_MD5_RSA_sig_sigMd5/RSA/openssl/include";
				INFOPLIST_FILE = Base64_MD5_RSA_sig_sigMd5/Info.plist;
				LD_RUNPATH_SEARCH_PATHS = "$(inherited) @executable_path/Frameworks";
				LIBRARY_SEARCH_PATHS = (
					"$(inherited)",
					"$(PROJECT_DIR)/Base64_MD5_RSA_sig_sigMd5/RSA/openssl/include",
				);
				PRODUCT_BUNDLE_IDENTIFIER = "com.fanlang.Base64-MD5-RSA-sig-sigMd5";
				PRODUCT_NAME = "$(TARGET_NAME)";
			};
			name = Debug;
		};
		2F217D251CE471AF00D01DAB /* Release */ = {
			isa = XCBuildConfiguration;
			buildSettings = {
				ASSETCATALOG_COMPILER_APPICON_NAME = AppIcon;
				HEADER_SEARCH_PATHS = "$(SRCROOT)/Base64_MD5_RSA_sig_sigMd5/RSA/openssl/include";
				INFOPLIST_FILE = Base64_MD5_RSA_sig_sigMd5/Info.plist;
				LD_RUNPATH_SEARCH_PATHS = "$(inherited) @executable_path/Frameworks";
				LIBRARY_SEARCH_PATHS = (
					"$(inherited)",
					"$(PROJECT_DIR)/Base64_MD5_RSA_sig_sigMd5/RSA/openssl/include",
				);
				PRODUCT_BUNDLE_IDENTIFIER = "com.fanlang.Base64-MD5-RSA-sig-sigMd5";
				PRODUCT_NAME = "$(TARGET_NAME)";
			};
			name = Release;
		};
		2F217D271CE471AF00D01DAB /* Debug */ = {
			isa = XCBuildConfiguration;
			buildSettings = {
				BUNDLE_LOADER = "$(TEST_HOST)";
				INFOPLIST_FILE = Base64_MD5_RSA_sig_sigMd5Tests/Info.plist;
				LD_RUNPATH_SEARCH_PATHS = "$(inherited) @executable_path/Frameworks @loader_path/Frameworks";
				PRODUCT_BUNDLE_IDENTIFIER = "com.fanlang.Base64-MD5-RSA-sig-sigMd5Tests";
				PRODUCT_NAME = "$(TARGET_NAME)";
				TEST_HOST = "$(BUILT_PRODUCTS_DIR)/Base64_MD5_RSA_sig_sigMd5.app/Base64_MD5_RSA_sig_sigMd5";
			};
			name = Debug;
		};
		2F217D281CE471AF00D01DAB /* Release */ = {
			isa = XCBuildConfiguration;
			buildSettings = {
				BUNDLE_LOADER = "$(TEST_HOST)";
				INFOPLIST_FILE = Base64_MD5_RSA_sig_sigMd5Tests/Info.plist;
				LD_RUNPATH_SEARCH_PATHS = "$(inherited) @executable_path/Frameworks @loader_path/Frameworks";
				PRODUCT_BUNDLE_IDENTIFIER = "com.fanlang.Base64-MD5-RSA-sig-sigMd5Tests";
				PRODUCT_NAME = "$(TARGET_NAME)";
				TEST_HOST = "$(BUILT_PRODUCTS_DIR)/Base64_MD5_RSA_sig_sigMd5.app/Base64_MD5_RSA_sig_sigMd5";
			};
			name = Release;
		};
		2F217D2A1CE471AF00D01DAB /* Debug */ = {
			isa = XCBuildConfiguration;
			buildSettings = {
				INFOPLIST_FILE = Base64_MD5_RSA_sig_sigMd5UITests/Info.plist;
				LD_RUNPATH_SEARCH_PATHS = "$(inherited) @executable_path/Frameworks @loader_path/Frameworks";
				PRODUCT_BUNDLE_IDENTIFIER = "com.fanlang.Base64-MD5-RSA-sig-sigMd5UITests";
				PRODUCT_NAME = "$(TARGET_NAME)";
				TEST_TARGET_NAME = Base64_MD5_RSA_sig_sigMd5;
				USES_XCTRUNNER = YES;
			};
			name = Debug;
		};
		2F217D2B1CE471AF00D01DAB /* Release */ = {
			isa = XCBuildConfiguration;
			buildSettings = {
				INFOPLIST_FILE = Base64_MD5_RSA_sig_sigMd5UITests/Info.plist;
				LD_RUNPATH_SEARCH_PATHS = "$(inherited) @executable_path/Frameworks @loader_path/Frameworks";
				PRODUCT_BUNDLE_IDENTIFIER = "com.fanlang.Base64-MD5-RSA-sig-sigMd5UITests";
				PRODUCT_NAME = "$(TARGET_NAME)";
				TEST_TARGET_NAME = Base64_MD5_RSA_sig_sigMd5;
				USES_XCTRUNNER = YES;
			};
			name = Release;
		};
/* End XCBuildConfiguration section */

/* Begin XCConfigurationList section */
		2F217CF11CE471AE00D01DAB /* Build configuration list for PBXProject "Base64_MD5_RSA_sig_sigMd5" */ = {
			isa = XCConfigurationList;
			buildConfigurations = (
				2F217D211CE471AF00D01DAB /* Debug */,
				2F217D221CE471AF00D01DAB /* Release */,
			);
			defaultConfigurationIsVisible = 0;
			defaultConfigurationName = Release;
		};
		2F217D231CE471AF00D01DAB /* Build configuration list for PBXNativeTarget "Base64_MD5_RSA_sig_sigMd5" */ = {
			isa = XCConfigurationList;
			buildConfigurations = (
				2F217D241CE471AF00D01DAB /* Debug */,
				2F217D251CE471AF00D01DAB /* Release */,
			);
			defaultConfigurationIsVisible = 0;
		};
		2F217D261CE471AF00D01DAB /* Build configuration list for PBXNativeTarget "Base64_MD5_RSA_sig_sigMd5Tests" */ = {
			isa = XCConfigurationList;
			buildConfigurations = (
				2F217D271CE471AF00D01DAB /* Debug */,
				2F217D281CE471AF00D01DAB /* Release */,
			);
			defaultConfigurationIsVisible = 0;
		};
		2F217D291CE471AF00D01DAB /* Build configuration list for PBXNativeTarget "Base64_MD5_RSA_sig_sigMd5UITests" */ = {
			isa = XCConfigurationList;
			buildConfigurations = (
				2F217D2A1CE471AF00D01DAB /* Debug */,
				2F217D2B1CE471AF00D01DAB /* Release */,
			);
			defaultConfigurationIsVisible = 0;
		};
/* End XCConfigurationList section */
	};
	rootObject = 2F217CEE1CE471AE00D01DAB /* Project object */;
}
